
Microsoft Visual Studio Solution File, Format Version 12.00
# Visual Studio Version 17
VisualStudioVersion = 17.2.32602.215
MinimumVisualStudioVersion = 10.0.40219.1
Project("{FAE04EC0-301F-11D3-BF4B-00C04F79EFBC}") = "EfCoreToolsTest", "EfCoreToolsTest\EfCoreToolsTest.csproj", "{2063BA81-5D97-426C-B9BB-89A68DDA2013}"
EndProject
Global
	GlobalSection(SolutionConfigurationPlatforms) = preSolution
		Debug|Any CPU = Debug|Any CPU
		Release|Any CPU = Release|Any CPU
	EndGlobalSection
	GlobalSection(ProjectConfigurationPlatforms) = postSolution
		{2063BA81-5D97-426C-B9BB-89A68DDA2013}.Debug|Any CPU.ActiveCfg = Debug|Any CPU
		{2063BA81-5D97-426C-B9BB-89A68DDA2013}.Debug|Any CPU.Build.0 = Debug|Any CPU
		{2063BA81-5D97-426C-B9BB-89A68DDA2013}.Release|Any CPU.ActiveCfg = Release|Any CPU
		{2063BA81-5D97-426C-B9BB-89A68DDA2013}.Release|Any CPU.Build.0 = Release|Any CPU
	EndGlobalSection
	GlobalSection(SolutionProperties) = preSolution
		HideSolutionNode = FALSE
	EndGlobalSection
	GlobalSection(ExtensibilityGlobals) = postSolution
		SolutionGuid = {E82CEDA4-8313-416D-956F-A0DF77CE21E2}
	EndGlobalSection
EndGlobal
